github.com/proway2/go-igrf v0.5.1 h1:GLxkN5hHGJHoAVfrkFHgJ8SfKKCTzGWHg3aZweX1lwc=
github.com/proway2/go-igrf v0.5.1/go.mod h1:nkA3o+7eci3SXLj0nx2yi14e9Td+AAwHFdglavT+oZI=
github.com/westphae/geomag v1.0.2 h1:dpcizAXfjKV0PR6ohY7PX3hHfiIPVjJC03M8KyJjqRI=
github.com/westphae/geomag v1.0.2/go.mod h1:xOwtBFVzYXv+tutDPYOuV3PSwS1f9hHuGQsPAUzVYf8=
